
Microsoft Visual Studio Solution File, Format Version 12.00
Project("{FAE04EC0-301F-11D3-BF4B-00C04F79EFBC}") = "Task 02", "Task 02\Task 02.csproj", "{A5AEBB4A-4E11-4E0C-A05D-3C725145592B}"
EndProject
Project("{FAE04EC0-301F-11D3-BF4B-00C04F79EFBC}") = "Task 03", "Task 03\Task 03.csproj", "{CAF8F799-DF68-47D2-9CB2-E8D14A26B7A3}"
EndProject
Project("{FAE04EC0-301F-11D3-BF4B-00C04F79EFBC}") = "Task 01", "Task 01\Task 01.csproj", "{1406D8F5-BB60-4EAA-8662-6275E8E6C6C2}"
EndProject
Global
	GlobalSection(SolutionConfigurationPlatforms) = preSolution
		Debug|Any CPU = Debug|Any CPU
		Release|Any CPU = Release|Any CPU
	EndGlobalSection
	GlobalSection(ProjectConfigurationPlatforms) = postSolution
		{A5AEBB4A-4E11-4E0C-A05D-3C725145592B}.Debug|Any CPU.ActiveCfg = Debug|Any CPU
		{A5AEBB4A-4E11-4E0C-A05D-3C725145592B}.Debug|Any CPU.Build.0 = Debug|Any CPU
		{A5AEBB4A-4E11-4E0C-A05D-3C725145592B}.Release|Any CPU.ActiveCfg = Release|Any CPU
		{A5AEBB4A-4E11-4E0C-A05D-3C725145592B}.Release|Any CPU.Build.0 = Release|Any CPU
		{CAF8F799-DF68-47D2-9CB2-E8D14A26B7A3}.Debug|Any CPU.ActiveCfg = Debug|Any CPU
		{CAF8F799-DF68-47D2-9CB2-E8D14A26B7A3}.Debug|Any CPU.Build.0 = Debug|Any CPU
		{CAF8F799-DF68-47D2-9CB2-E8D14A26B7A3}.Release|Any CPU.ActiveCfg = Release|Any CPU
		{CAF8F799-DF68-47D2-9CB2-E8D14A26B7A3}.Release|Any CPU.Build.0 = Release|Any CPU
		{1406D8F5-BB60-4EAA-8662-6275E8E6C6C2}.Debug|Any CPU.ActiveCfg = Debug|Any CPU
		{1406D8F5-BB60-4EAA-8662-6275E8E6C6C2}.Debug|Any CPU.Build.0 = Debug|Any CPU
		{1406D8F5-BB60-4EAA-8662-6275E8E6C6C2}.Release|Any CPU.ActiveCfg = Release|Any CPU
		{1406D8F5-BB60-4EAA-8662-6275E8E6C6C2}.Release|Any CPU.Build.0 = Release|Any CPU
	EndGlobalSection
EndGlobal
