
Microsoft Visual Studio Solution File, Format Version 12.00
Project("{FAE04EC0-301F-11D3-BF4B-00C04F79EFBC}") = "Task 1", "Task 1\Task 1.csproj", "{2DAE822E-2E29-4C6F-BCE5-83BD002B086D}"
EndProject
Project("{FAE04EC0-301F-11D3-BF4B-00C04F79EFBC}") = "Task 2", "Task 2\Task 2.csproj", "{5BE06033-DC2E-407C-82EC-C178766F2D24}"
EndProject
Global
	GlobalSection(SolutionConfigurationPlatforms) = preSolution
		Debug|Any CPU = Debug|Any CPU
		Release|Any CPU = Release|Any CPU
	EndGlobalSection
	GlobalSection(ProjectConfigurationPlatforms) = postSolution
		{2DAE822E-2E29-4C6F-BCE5-83BD002B086D}.Debug|Any CPU.ActiveCfg = Debug|Any CPU
		{2DAE822E-2E29-4C6F-BCE5-83BD002B086D}.Debug|Any CPU.Build.0 = Debug|Any CPU
		{2DAE822E-2E29-4C6F-BCE5-83BD002B086D}.Release|Any CPU.ActiveCfg = Release|Any CPU
		{2DAE822E-2E29-4C6F-BCE5-83BD002B086D}.Release|Any CPU.Build.0 = Release|Any CPU
		{5BE06033-DC2E-407C-82EC-C178766F2D24}.Debug|Any CPU.ActiveCfg = Debug|Any CPU
		{5BE06033-DC2E-407C-82EC-C178766F2D24}.Debug|Any CPU.Build.0 = Debug|Any CPU
		{5BE06033-DC2E-407C-82EC-C178766F2D24}.Release|Any CPU.ActiveCfg = Release|Any CPU
		{5BE06033-DC2E-407C-82EC-C178766F2D24}.Release|Any CPU.Build.0 = Release|Any CPU
	EndGlobalSection
EndGlobal
