
Microsoft Visual Studio Solution File, Format Version 12.00
Project("{FAE04EC0-301F-11D3-BF4B-00C04F79EFBC}") = "Task 1", "Task 1\Task 1.csproj", "{3383782F-8B78-49AE-91FE-E0572F0DF3C1}"
EndProject
Project("{FAE04EC0-301F-11D3-BF4B-00C04F79EFBC}") = "Task 3", "Task 3\Task 3.csproj", "{1A5D4E43-A6DB-49F4-94E1-F89D1212C0A9}"
EndProject
Global
	GlobalSection(SolutionConfigurationPlatforms) = preSolution
		Debug|Any CPU = Debug|Any CPU
		Release|Any CPU = Release|Any CPU
	EndGlobalSection
	GlobalSection(ProjectConfigurationPlatforms) = postSolution
		{3383782F-8B78-49AE-91FE-E0572F0DF3C1}.Debug|Any CPU.ActiveCfg = Debug|Any CPU
		{3383782F-8B78-49AE-91FE-E0572F0DF3C1}.Debug|Any CPU.Build.0 = Debug|Any CPU
		{3383782F-8B78-49AE-91FE-E0572F0DF3C1}.Release|Any CPU.ActiveCfg = Release|Any CPU
		{3383782F-8B78-49AE-91FE-E0572F0DF3C1}.Release|Any CPU.Build.0 = Release|Any CPU
		{1A5D4E43-A6DB-49F4-94E1-F89D1212C0A9}.Debug|Any CPU.ActiveCfg = Debug|Any CPU
		{1A5D4E43-A6DB-49F4-94E1-F89D1212C0A9}.Debug|Any CPU.Build.0 = Debug|Any CPU
		{1A5D4E43-A6DB-49F4-94E1-F89D1212C0A9}.Release|Any CPU.ActiveCfg = Release|Any CPU
		{1A5D4E43-A6DB-49F4-94E1-F89D1212C0A9}.Release|Any CPU.Build.0 = Release|Any CPU
	EndGlobalSection
EndGlobal
