
Microsoft Visual Studio Solution File, Format Version 12.00
Project("{FAE04EC0-301F-11D3-BF4B-00C04F79EFBC}") = "Task 1", "Task 1\Task 1.csproj", "{C6168EF8-EA20-4BDC-8863-F92C5B780DAF}"
EndProject
Global
	GlobalSection(SolutionConfigurationPlatforms) = preSolution
		Debug|Any CPU = Debug|Any CPU
		Release|Any CPU = Release|Any CPU
	EndGlobalSection
	GlobalSection(ProjectConfigurationPlatforms) = postSolution
		{C6168EF8-EA20-4BDC-8863-F92C5B780DAF}.Debug|Any CPU.ActiveCfg = Debug|Any CPU
		{C6168EF8-EA20-4BDC-8863-F92C5B780DAF}.Debug|Any CPU.Build.0 = Debug|Any CPU
		{C6168EF8-EA20-4BDC-8863-F92C5B780DAF}.Release|Any CPU.ActiveCfg = Release|Any CPU
		{C6168EF8-EA20-4BDC-8863-F92C5B780DAF}.Release|Any CPU.Build.0 = Release|Any CPU
	EndGlobalSection
EndGlobal
