
Microsoft Visual Studio Solution File, Format Version 12.00
Project("{FAE04EC0-301F-11D3-BF4B-00C04F79EFBC}") = "Task 01", "Task 01\Task 01.csproj", "{953888C6-1298-4B60-ACBD-59DED6B9FB82}"
EndProject
Project("{FAE04EC0-301F-11D3-BF4B-00C04F79EFBC}") = "Task 02", "Task 02\Task 02.csproj", "{9DC4621E-5A51-4181-BD1D-85554E0924CB}"
EndProject
Project("{FAE04EC0-301F-11D3-BF4B-00C04F79EFBC}") = "Task 03", "Task 03\Task 03.csproj", "{8FB9CD74-BF7E-4B1C-911F-B54D1D4DF78F}"
EndProject
Project("{FAE04EC0-301F-11D3-BF4B-00C04F79EFBC}") = "Task 04", "Task 04\Task 04.csproj", "{9E09B1F7-5A32-46C2-A607-AED69C07D652}"
EndProject
Global
	GlobalSection(SolutionConfigurationPlatforms) = preSolution
		Debug|Any CPU = Debug|Any CPU
		Release|Any CPU = Release|Any CPU
	EndGlobalSection
	GlobalSection(ProjectConfigurationPlatforms) = postSolution
		{953888C6-1298-4B60-ACBD-59DED6B9FB82}.Debug|Any CPU.ActiveCfg = Debug|Any CPU
		{953888C6-1298-4B60-ACBD-59DED6B9FB82}.Debug|Any CPU.Build.0 = Debug|Any CPU
		{953888C6-1298-4B60-ACBD-59DED6B9FB82}.Release|Any CPU.ActiveCfg = Release|Any CPU
		{953888C6-1298-4B60-ACBD-59DED6B9FB82}.Release|Any CPU.Build.0 = Release|Any CPU
		{9DC4621E-5A51-4181-BD1D-85554E0924CB}.Debug|Any CPU.ActiveCfg = Debug|Any CPU
		{9DC4621E-5A51-4181-BD1D-85554E0924CB}.Debug|Any CPU.Build.0 = Debug|Any CPU
		{9DC4621E-5A51-4181-BD1D-85554E0924CB}.Release|Any CPU.ActiveCfg = Release|Any CPU
		{9DC4621E-5A51-4181-BD1D-85554E0924CB}.Release|Any CPU.Build.0 = Release|Any CPU
		{8FB9CD74-BF7E-4B1C-911F-B54D1D4DF78F}.Debug|Any CPU.ActiveCfg = Debug|Any CPU
		{8FB9CD74-BF7E-4B1C-911F-B54D1D4DF78F}.Debug|Any CPU.Build.0 = Debug|Any CPU
		{8FB9CD74-BF7E-4B1C-911F-B54D1D4DF78F}.Release|Any CPU.ActiveCfg = Release|Any CPU
		{8FB9CD74-BF7E-4B1C-911F-B54D1D4DF78F}.Release|Any CPU.Build.0 = Release|Any CPU
		{9E09B1F7-5A32-46C2-A607-AED69C07D652}.Debug|Any CPU.ActiveCfg = Debug|Any CPU
		{9E09B1F7-5A32-46C2-A607-AED69C07D652}.Debug|Any CPU.Build.0 = Debug|Any CPU
		{9E09B1F7-5A32-46C2-A607-AED69C07D652}.Release|Any CPU.ActiveCfg = Release|Any CPU
		{9E09B1F7-5A32-46C2-A607-AED69C07D652}.Release|Any CPU.Build.0 = Release|Any CPU
	EndGlobalSection
EndGlobal
