
Microsoft Visual Studio Solution File, Format Version 12.00
Project("{FAE04EC0-301F-11D3-BF4B-00C04F79EFBC}") = "Bin Tree", "Bin Tree\Bin Tree.csproj", "{C3E99E0A-CE09-4B6E-8B02-1EB6FCCADCDF}"
EndProject
Global
	GlobalSection(SolutionConfigurationPlatforms) = preSolution
		Debug|Any CPU = Debug|Any CPU
		Release|Any CPU = Release|Any CPU
	EndGlobalSection
	GlobalSection(ProjectConfigurationPlatforms) = postSolution
		{C3E99E0A-CE09-4B6E-8B02-1EB6FCCADCDF}.Debug|Any CPU.ActiveCfg = Debug|Any CPU
		{C3E99E0A-CE09-4B6E-8B02-1EB6FCCADCDF}.Debug|Any CPU.Build.0 = Debug|Any CPU
		{C3E99E0A-CE09-4B6E-8B02-1EB6FCCADCDF}.Release|Any CPU.ActiveCfg = Release|Any CPU
		{C3E99E0A-CE09-4B6E-8B02-1EB6FCCADCDF}.Release|Any CPU.Build.0 = Release|Any CPU
	EndGlobalSection
EndGlobal
