
Microsoft Visual Studio Solution File, Format Version 12.00
Project("{FAE04EC0-301F-11D3-BF4B-00C04F79EFBC}") = "Task 01", "Task 01\Task 01.csproj", "{82ADB805-D92A-4370-8B02-0F2FFF0B5946}"
EndProject
Project("{FAE04EC0-301F-11D3-BF4B-00C04F79EFBC}") = "Task 02", "Task 02\Task 02.csproj", "{112CF302-4CD8-41F7-A5BD-55FFD388CEFA}"
EndProject
Project("{FAE04EC0-301F-11D3-BF4B-00C04F79EFBC}") = "Task 03", "Task 03\Task 03.csproj", "{C5AB385F-D58F-44E2-A27A-63F4CA512770}"
EndProject
Project("{FAE04EC0-301F-11D3-BF4B-00C04F79EFBC}") = "Task 04", "Task 04\Task 04.csproj", "{893FA240-06D4-4C26-92CB-1B2CB30D538D}"
EndProject
Global
	GlobalSection(SolutionConfigurationPlatforms) = preSolution
		Debug|Any CPU = Debug|Any CPU
		Release|Any CPU = Release|Any CPU
	EndGlobalSection
	GlobalSection(ProjectConfigurationPlatforms) = postSolution
		{82ADB805-D92A-4370-8B02-0F2FFF0B5946}.Debug|Any CPU.ActiveCfg = Debug|Any CPU
		{82ADB805-D92A-4370-8B02-0F2FFF0B5946}.Debug|Any CPU.Build.0 = Debug|Any CPU
		{82ADB805-D92A-4370-8B02-0F2FFF0B5946}.Release|Any CPU.ActiveCfg = Release|Any CPU
		{82ADB805-D92A-4370-8B02-0F2FFF0B5946}.Release|Any CPU.Build.0 = Release|Any CPU
		{112CF302-4CD8-41F7-A5BD-55FFD388CEFA}.Debug|Any CPU.ActiveCfg = Debug|Any CPU
		{112CF302-4CD8-41F7-A5BD-55FFD388CEFA}.Debug|Any CPU.Build.0 = Debug|Any CPU
		{112CF302-4CD8-41F7-A5BD-55FFD388CEFA}.Release|Any CPU.ActiveCfg = Release|Any CPU
		{112CF302-4CD8-41F7-A5BD-55FFD388CEFA}.Release|Any CPU.Build.0 = Release|Any CPU
		{C5AB385F-D58F-44E2-A27A-63F4CA512770}.Debug|Any CPU.ActiveCfg = Debug|Any CPU
		{C5AB385F-D58F-44E2-A27A-63F4CA512770}.Debug|Any CPU.Build.0 = Debug|Any CPU
		{C5AB385F-D58F-44E2-A27A-63F4CA512770}.Release|Any CPU.ActiveCfg = Release|Any CPU
		{C5AB385F-D58F-44E2-A27A-63F4CA512770}.Release|Any CPU.Build.0 = Release|Any CPU
		{893FA240-06D4-4C26-92CB-1B2CB30D538D}.Debug|Any CPU.ActiveCfg = Debug|Any CPU
		{893FA240-06D4-4C26-92CB-1B2CB30D538D}.Debug|Any CPU.Build.0 = Debug|Any CPU
		{893FA240-06D4-4C26-92CB-1B2CB30D538D}.Release|Any CPU.ActiveCfg = Release|Any CPU
		{893FA240-06D4-4C26-92CB-1B2CB30D538D}.Release|Any CPU.Build.0 = Release|Any CPU
	EndGlobalSection
EndGlobal
